// !$*UTF8*$!
{
	archiveVersion = 1;
	classes = {
	};
	objectVersion = 46;
	objects = {

/* Begin PBXBuildFile section */
		5877ED901E5B876200ED3FDB /* AppDelegate.swift in Sources */ = {isa = PBXBuildFile; fileRef = 5877ED8F1E5B876200ED3FDB /* AppDelegate.swift */; };
		5877ED921E5B876200ED3FDB /* ViewController.swift in Sources */ = {isa = PBXBuildFile; fileRef = 5877ED911E5B876200ED3FDB /* ViewController.swift */; };
		5877ED951E5B876200ED3FDB /* Main.storyboard in Resources */ = {isa = PBXBuildFile; fileRef = 5877ED931E5B876200ED3FDB /* Main.storyboard */; };
		5877ED981E5B876200ED3FDB /* Hello_World_.xcdatamodeld in Sources */ = {isa = PBXBuildFile; fileRef = 5877ED961E5B876200ED3FDB /* Hello_World_.xcdatamodeld */; };
		5877ED9A1E5B876200ED3FDB /* Assets.xcassets in Resources */ = {isa = PBXBuildFile; fileRef = 5877ED991E5B876200ED3FDB /* Assets.xcassets */; };
		5877ED9D1E5B876200ED3FDB /* LaunchScreen.storyboard in Resources */ = {isa = PBXBuildFile; fileRef = 5877ED9B1E5B876200ED3FDB /* LaunchScreen.storyboard */; };
/* End PBXBuildFile section */

/* Begin PBXFileReference section */
		5877ED8C1E5B876200ED3FDB /* Hello World!.app */ = {isa = PBXFileReference; explicitFileType = wrapper.application; includeInIndex = 0; path = "Hello World!.app"; sourceTree = BUILT_PRODUCTS_DIR; };
		5877ED8F1E5B876200ED3FDB /* AppDelegate.swift */ = {isa = PBXFileReference; lastKnownFileType = sourcecode.swift; path = AppDelegate.swift; sourceTree = "<group>"; };
		5877ED911E5B876200ED3FDB /* ViewController.swift */ = {isa = PBXFileReference; lastKnownFileType = sourcecode.swift; path = ViewController.swift; sourceTree = "<group>"; };
		5877ED941E5B876200ED3FDB /* Base */ = {isa = PBXFileReference; lastKnownFileType = file.storyboard; name = Base; path = Base.lproj/Main.storyboard; sourceTree = "<group>"; };
		5877ED971E5B876200ED3FDB /* Hello_World_.xcdatamodel */ = {isa = PBXFileReference; lastKnownFileType = wrapper.xcdatamodel; path = Hello_World_.xcdatamodel; sourceTree = "<group>"; };
		5877ED991E5B876200ED3FDB /* Assets.xcassets */ = {isa = PBXFileReference; lastKnownFileType = folder.assetcatalog; path = Assets.xcassets; sourceTree = "<group>"; };
		5877ED9C1E5B876200ED3FDB /* Base */ = {isa = PBXFileReference; lastKnownFileType = file.storyboard; name = Base; path = Base.lproj/LaunchScreen.storyboard; sourceTree = "<group>"; };
		5877ED9E1E5B876200ED3FDB /* Info.plist */ = {isa = PBXFileReference; lastKnownFileType = text.plist.xml; path = Info.plist; sourceTree = "<group>"; };
/* End PBXFileReference section */

/* Begin PBXFrameworksBuildPhase section */
		5877ED891E5B876100ED3FDB /* Frameworks */ = {
			isa = PBXFrameworksBuildPhase;
			buildActionMask = 2147483647;
			files = (
			);
			runOnlyForDeploymentPostprocessing = 0;
		};
/* End PBXFrameworksBuildPhase section */

/* Begin PBXGroup section */
		5877ED831E5B876100ED3FDB = {
			isa = PBXGroup;
			children = (
				5877ED8E1E5B876200ED3FDB /* Hello World! */,
				5877ED8D1E5B876200ED3FDB /* Products */,
			);
			sourceTree = "<group>";
		};
		5877ED8D1E5B876200ED3FDB /* Products */ = {
			isa = PBXGroup;
			children = (
				5877ED8C1E5B876200ED3FDB /* Hello World!.app */,
			);
			name = Products;
			sourceTree = "<group>";
		};
		5877ED8E1E5B876200ED3FDB /* Hello World! */ = {
			isa = PBXGroup;
			children = (
				5877ED8F1E5B876200ED3FDB /* AppDelegate.swift */,
				5877ED911E5B876200ED3FDB /* ViewController.swift */,
				5877ED931E5B876200ED3FDB /* Main.storyboard */,
				5877ED991E5B876200ED3FDB /* Assets.xcassets */,
				5877ED9B1E5B876200ED3FDB /* LaunchScreen.storyboard */,
				5877ED9E1E5B876200ED3FDB /* Info.plist */,
				5877ED961E5B876200ED3FDB /* Hello_World_.xcdatamodeld */,
			);
			path = "Hello World!";
			sourceTree = "<group>";
		};
/* End PBXGroup section */

/* Begin PBXNativeTarget section */
		5877ED8B1E5B876100ED3FDB /* Hello World! */ = {
			isa = PBXNativeTarget;
			buildConfigurationList = 5877EDA11E5B876200ED3FDB /* Build configuration list for PBXNativeTarget "Hello World!" */;
			buildPhases = (
				5877ED881E5B876100ED3FDB /* Sources */,
				5877ED891E5B876100ED3FDB /* Frameworks */,
				5877ED8A1E5B876100ED3FDB /* Resources */,
			);
			buildRules = (
			);
			dependencies = (
			);
			name = "Hello World!";
			productName = "Hello World!";
			productReference = 5877ED8C1E5B876200ED3FDB /* Hello World!.app */;
			productType = "com.apple.product-type.application";
		};
/* End PBXNativeTarget section */

/* Begin PBXProject section */
		5877ED841E5B876100ED3FDB /* Project object */ = {
			isa = PBXProject;
			attributes = {
				LastSwiftUpdateCheck = 0820;
				LastUpgradeCheck = 0820;
				ORGANIZATIONNAME = "Leaning Mobile Apps";
				TargetAttributes = {
					5877ED8B1E5B876100ED3FDB = {
						CreatedOnToolsVersion = 8.2.1;
						ProvisioningStyle = Automatic;
					};
				};
			};
			buildConfigurationList = 5877ED871E5B876100ED3FDB /* Build configuration list for PBXProject "Hello World!" */;
			compatibilityVersion = "Xcode 3.2";
			developmentRegion = English;
			hasScannedForEncodings = 0;
			knownRegions = (
				en,
				Base,
			);
			mainGroup = 5877ED831E5B876100ED3FDB;
			productRefGroup = 5877ED8D1E5B876200ED3FDB /* Products */;
			projectDirPath = "";
			projectRoot = "";
			targets = (
				5877ED8B1E5B876100ED3FDB /* Hello World! */,
			);
		};
/* End PBXProject section */

/* Begin PBXResourcesBuildPhase section */
		5877ED8A1E5B876100ED3FDB /* Resources */ = {
			isa = PBXResourcesBuildPhase;
			buildActionMask = 2147483647;
			files = (
				5877ED9D1E5B876200ED3FDB /* LaunchScreen.storyboard in Resources */,
				5877ED9A1E5B876200ED3FDB /* Assets.xcassets in Resources */,
				5877ED951E5B876200ED3FDB /* Main.storyboard in Resources */,
			);
			runOnlyForDeploymentPostprocessing = 0;
		};
/* End PBXResourcesBuildPhase section */

/* Begin PBXSourcesBuildPhase section */
		5877ED881E5B876100ED3FDB /* Sources */ = {
			isa = PBXSourcesBuildPhase;
			buildActionMask = 2147483647;
			files = (
				5877ED921E5B876200ED3FDB /* ViewController.swift in Sources */,
				5877ED901E5B876200ED3FDB /* AppDelegate.swift in Sources */,
				5877ED981E5B876200ED3FDB /* Hello_World_.xcdatamodeld in Sources */,
			);
			runOnlyForDeploymentPostprocessing = 0;
		};
/* End PBXSourcesBuildPhase section */

/* Begin PBXVariantGroup section */
		5877ED931E5B876200ED3FDB /* Main.storyboard */ = {
			isa = PBXVariantGroup;
			children = (
				5877ED941E5B876200ED3FDB /* Base */,
			);
			name = Main.storyboard;
			sourceTree = "<group>";
		};
		5877ED9B1E5B876200ED3FDB /* LaunchScreen.storyboard */ = {
			isa = PBXVariantGroup;
			children = (
				5877ED9C1E5B876200ED3FDB /* Base */,
			);
			name = LaunchScreen.storyboard;
			sourceTree = "<group>";
		};
/* End PBXVariantGroup section */

/* Begin XCBuildConfiguration section */
		5877ED9F1E5B876200ED3FDB /* Debug */ = {
			isa = XCBuildConfiguration;
			buildSettings = {
				ALWAYS_SEARCH_USER_PATHS = NO;
				CLANG_ANALYZER_NONNULL = YES;
				CLANG_CXX_LANGUAGE_STANDARD = "gnu++0x";
				CLANG_CXX_LIBRARY = "libc++";
				CLANG_ENABLE_MODULES = YES;
				CLANG_ENABLE_OBJC_ARC = YES;
				CLANG_WARN_BOOL_CONVERSION = YES;
				CLANG_WARN_CONSTANT_CONVERSION = YES;
				CLANG_WARN_DIRECT_OBJC_ISA_USAGE = YES_ERROR;
				CLANG_WARN_DOCUMENTATION_COMMENTS = YES;
				CLANG_WARN_EMPTY_BODY = YES;
				CLANG_WARN_ENUM_CONVERSION = YES;
				CLANG_WARN_INFINITE_RECURSION = YES;
				CLANG_WARN_INT_CONVERSION = YES;
				CLANG_WARN_OBJC_ROOT_CLASS = YES_ERROR;
				CLANG_WARN_SUSPICIOUS_MOVE = YES;
				CLANG_WARN_UNREACHABLE_CODE = YES;
				CLANG_WARN__DUPLICATE_METHOD_MATCH = YES;
				"CODE_SIGN_IDENTITY[sdk=iphoneos*]" = "iPhone Developer";
				COPY_PHASE_STRIP = NO;
				DEBUG_INFORMATION_FORMAT = dwarf;
				ENABLE_STRICT_OBJC_MSGSEND = YES;
				ENABLE_TESTABILITY = YES;
				GCC_C_LANGUAGE_STANDARD = gnu99;
				GCC_DYNAMIC_NO_PIC = NO;
				GCC_NO_COMMON_BLOCKS = YES;
				GCC_OPTIMIZATION_LEVEL = 0;
				GCC_PREPROCESSOR_DEFINITIONS = (
					"DEBUG=1",
					"$(inherited)",
				);
				GCC_WARN_64_TO_32_BIT_CONVERSION = YES;
				GCC_WARN_ABOUT_RETURN_TYPE = YES_ERROR;
				GCC_WARN_UNDECLARED_SELECTOR = YES;
				GCC_WARN_UNINITIALIZED_AUTOS = YES_AGGRESSIVE;
				GCC_WARN_UNUSED_FUNCTION = YES;
				GCC_WARN_UNUSED_VARIABLE = YES;
				IPHONEOS_DEPLOYMENT_TARGET = 10.2;
				MTL_ENABLE_DEBUG_INFO = YES;
				ONLY_ACTIVE_ARCH = YES;
				SDKROOT = iphoneos;
				SWIFT_ACTIVE_COMPILATION_CONDITIONS = DEBUG;
				SWIFT_OPTIMIZATION_LEVEL = "-Onone";
			};
			name = Debug;
		};
		5877EDA01E5B876200ED3FDB /* Release */ = {
			isa = XCBuildConfiguration;
			buildSettings = {
				ALWAYS_SEARCH_USER_PATHS = NO;
				CLANG_ANALYZER_NONNULL = YES;
				CLANG_CXX_LANGUAGE_STANDARD = "gnu++0x";
				CLANG_CXX_LIBRARY = "libc++";
				CLANG_ENABLE_MODULES = YES;
				CLANG_ENABLE_OBJC_ARC = YES;
				CLANG_WARN_BOOL_CONVERSION = YES;
				CLANG_WARN_CONSTANT_CONVERSION = YES;
				CLANG_WARN_DIRECT_OBJC_ISA_USAGE = YES_ERROR;
				CLANG_WARN_DOCUMENTATION_COMMENTS = YES;
				CLANG_WARN_EMPTY_BODY = YES;
				CLANG_WARN_ENUM_CONVERSION = YES;
				CLANG_WARN_INFINITE_RECURSION = YES;
				CLANG_WARN_INT_CONVERSION = YES;
				CLANG_WARN_OBJC_ROOT_CLASS = YES_ERROR;
				CLANG_WARN_SUSPICIOUS_MOVE = YES;
				CLANG_WARN_UNREACHABLE_CODE = YES;
				CLANG_WARN__DUPLICATE_METHOD_MATCH = YES;
				"CODE_SIGN_IDENTITY[sdk=iphoneos*]" = "iPhone Developer";
				COPY_PHASE_STRIP = NO;
				DEBUG_INFORMATION_FORMAT = "dwarf-with-dsym";
				ENABLE_NS_ASSERTIONS = NO;
				ENABLE_STRICT_OBJC_MSGSEND = YES;
				GCC_C_LANGUAGE_STANDARD = gnu99;
				GCC_NO_COMMON_BLOCKS = YES;
				GCC_WARN_64_TO_32_BIT_CONVERSION = YES;
				GCC_WARN_ABOUT_RETURN_TYPE = YES_ERROR;
				GCC_WARN_UNDECLARED_SELECTOR = YES;
				GCC_WARN_UNINITIALIZED_AUTOS = YES_AGGRESSIVE;
				GCC_WARN_UNUSED_FUNCTION = YES;
				GCC_WARN_UNUSED_VARIABLE = YES;
				IPHONEOS_DEPLOYMENT_TARGET = 10.2;
				MTL_ENABLE_DEBUG_INFO = NO;
				SDKROOT = iphoneos;
				SWIFT_OPTIMIZATION_LEVEL = "-Owholemodule";
				VALIDATE_PRODUCT = YES;
			};
			name = Release;
		};
		5877EDA21E5B876200ED3FDB /* Debug */ = {
			isa = XCBuildConfiguration;
			buildSettings = {
				ASSETCATALOG_COMPILER_APPICON_NAME = AppIcon;
				INFOPLIST_FILE = "Hello World!/Info.plist";
				LD_RUNPATH_SEARCH_PATHS = "$(inherited) @executable_path/Frameworks";
				PRODUCT_BUNDLE_IDENTIFIER = "com.mycompany.Hello-World-";
				PRODUCT_NAME = "$(TARGET_NAME)";
				SWIFT_VERSION = 3.0;
			};
			name = Debug;
		};
		5877EDA31E5B876200ED3FDB /* Release */ = {
			isa = XCBuildConfiguration;
			buildSettings = {
				ASSETCATALOG_COMPILER_APPICON_NAME = AppIcon;
				INFOPLIST_FILE = "Hello World!/Info.plist";
				LD_RUNPATH_SEARCH_PATHS = "$(inherited) @executable_path/Frameworks";
				PRODUCT_BUNDLE_IDENTIFIER = "com.mycompany.Hello-World-";
				PRODUCT_NAME = "$(TARGET_NAME)";
				SWIFT_VERSION = 3.0;
			};
			name = Release;
		};
/* End XCBuildConfiguration section */

/* Begin XCConfigurationList section */
		5877ED871E5B876100ED3FDB /* Build configuration list for PBXProject "Hello World!" */ = {
			isa = XCConfigurationList;
			buildConfigurations = (
				5877ED9F1E5B876200ED3FDB /* Debug */,
				5877EDA01E5B876200ED3FDB /* Release */,
			);
			defaultConfigurationIsVisible = 0;
			defaultConfigurationName = Release;
		};
		5877EDA11E5B876200ED3FDB /* Build configuration list for PBXNativeTarget "Hello World!" */ = {
			isa = XCConfigurationList;
			buildConfigurations = (
				5877EDA21E5B876200ED3FDB /* Debug */,
				5877EDA31E5B876200ED3FDB /* Release */,
			);
			defaultConfigurationIsVisible = 0;
		};
/* End XCConfigurationList section */

/* Begin XCVersionGroup section */
		5877ED961E5B876200ED3FDB /* Hello_World_.xcdatamodeld */ = {
			isa = XCVersionGroup;
			children = (
				5877ED971E5B876200ED3FDB /* Hello_World_.xcdatamodel */,
			);
			currentVersion = 5877ED971E5B876200ED3FDB /* Hello_World_.xcdatamodel */;
			path = Hello_World_.xcdatamodeld;
			sourceTree = "<group>";
			versionGroupType = wrapper.xcdatamodel;
		};
/* End XCVersionGroup section */
	};
	rootObject = 5877ED841E5B876100ED3FDB /* Project object */;
}
